
Microsoft Visual Studio Solution File, Format Version 12.00
# Visual Studio Version 17
VisualStudioVersion = 17.11.35222.181
MinimumVisualStudioVersion = 10.0.40219.1
Project("{FAE04EC0-301F-11D3-BF4B-00C04F79EFBC}") = "Program_1", "Program_1\Program_1.csproj", "{556C1831-002F-4301-A707-FD5DFE55E47E}"
EndProject
Global
	GlobalSection(SolutionConfigurationPlatforms) = preSolution
		Debug|Any CPU = Debug|Any CPU
		Release|Any CPU = Release|Any CPU
	EndGlobalSection
	GlobalSection(ProjectConfigurationPlatforms) = postSolution
		{556C1831-002F-4301-A707-FD5DFE55E47E}.Debug|Any CPU.ActiveCfg = Debug|Any CPU
		{556C1831-002F-4301-A707-FD5DFE55E47E}.Debug|Any CPU.Build.0 = Debug|Any CPU
		{556C1831-002F-4301-A707-FD5DFE55E47E}.Release|Any CPU.ActiveCfg = Release|Any CPU
		{556C1831-002F-4301-A707-FD5DFE55E47E}.Release|Any CPU.Build.0 = Release|Any CPU
	EndGlobalSection
	GlobalSection(SolutionProperties) = preSolution
		HideSolutionNode = FALSE
	EndGlobalSection
	GlobalSection(ExtensibilityGlobals) = postSolution
		SolutionGuid = {4CAB3AEF-E9AF-47E2-96CD-12CE99341205}
	EndGlobalSection
EndGlobal
