
Microsoft Visual Studio Solution File, Format Version 12.00
# Visual Studio Version 17
VisualStudioVersion = 17.11.35219.272
MinimumVisualStudioVersion = 10.0.40219.1
Project("{FAE04EC0-301F-11D3-BF4B-00C04F79EFBC}") = "pz4", "pz4\pz4.csproj", "{086494FE-68E2-4EF8-98F7-259BCBDC82F1}"
EndProject
Global
	GlobalSection(SolutionConfigurationPlatforms) = preSolution
		Debug|Any CPU = Debug|Any CPU
		Release|Any CPU = Release|Any CPU
	EndGlobalSection
	GlobalSection(ProjectConfigurationPlatforms) = postSolution
		{086494FE-68E2-4EF8-98F7-259BCBDC82F1}.Debug|Any CPU.ActiveCfg = Debug|Any CPU
		{086494FE-68E2-4EF8-98F7-259BCBDC82F1}.Debug|Any CPU.Build.0 = Debug|Any CPU
		{086494FE-68E2-4EF8-98F7-259BCBDC82F1}.Release|Any CPU.ActiveCfg = Release|Any CPU
		{086494FE-68E2-4EF8-98F7-259BCBDC82F1}.Release|Any CPU.Build.0 = Release|Any CPU
	EndGlobalSection
	GlobalSection(SolutionProperties) = preSolution
		HideSolutionNode = FALSE
	EndGlobalSection
	GlobalSection(ExtensibilityGlobals) = postSolution
		SolutionGuid = {C7FA9441-281E-487B-BE46-D8AA8CAAEB7C}
	EndGlobalSection
EndGlobal
