
Microsoft Visual Studio Solution File, Format Version 12.00
# Visual Studio Version 17
VisualStudioVersion = 17.11.35208.52
MinimumVisualStudioVersion = 10.0.40219.1
Project("{FAE04EC0-301F-11D3-BF4B-00C04F79EFBC}") = "ПЗ_7", "ПЗ_7\ПЗ_7.csproj", "{7BB6025D-5783-475D-A241-DCFFF17F5D56}"
EndProject
Global
	GlobalSection(SolutionConfigurationPlatforms) = preSolution
		Debug|Any CPU = Debug|Any CPU
		Release|Any CPU = Release|Any CPU
	EndGlobalSection
	GlobalSection(ProjectConfigurationPlatforms) = postSolution
		{7BB6025D-5783-475D-A241-DCFFF17F5D56}.Debug|Any CPU.ActiveCfg = Debug|Any CPU
		{7BB6025D-5783-475D-A241-DCFFF17F5D56}.Debug|Any CPU.Build.0 = Debug|Any CPU
		{7BB6025D-5783-475D-A241-DCFFF17F5D56}.Release|Any CPU.ActiveCfg = Release|Any CPU
		{7BB6025D-5783-475D-A241-DCFFF17F5D56}.Release|Any CPU.Build.0 = Release|Any CPU
	EndGlobalSection
	GlobalSection(SolutionProperties) = preSolution
		HideSolutionNode = FALSE
	EndGlobalSection
	GlobalSection(ExtensibilityGlobals) = postSolution
		SolutionGuid = {8FC40764-B3BD-4D0C-ACB1-33EA46C6B41C}
	EndGlobalSection
EndGlobal
